
Microsoft Visual Studio Solution File, Format Version 12.00
# Visual Studio Version 16
VisualStudioVersion = 16.0.30907.101
MinimumVisualStudioVersion = 10.0.40219.1
Project("{FAE04EC0-301F-11D3-BF4B-00C04F79EFBC}") = "Registro_Nombres", "Registro_Nombres\Registro_Nombres.csproj", "{9E69C626-7069-4035-AFD7-80DBFC67F854}"
EndProject
Global
	GlobalSection(SolutionConfigurationPlatforms) = preSolution
		Debug|Any CPU = Debug|Any CPU
		Release|Any CPU = Release|Any CPU
	EndGlobalSection
	GlobalSection(ProjectConfigurationPlatforms) = postSolution
		{9E69C626-7069-4035-AFD7-80DBFC67F854}.Debug|Any CPU.ActiveCfg = Debug|Any CPU
		{9E69C626-7069-4035-AFD7-80DBFC67F854}.Debug|Any CPU.Build.0 = Debug|Any CPU
		{9E69C626-7069-4035-AFD7-80DBFC67F854}.Release|Any CPU.ActiveCfg = Release|Any CPU
		{9E69C626-7069-4035-AFD7-80DBFC67F854}.Release|Any CPU.Build.0 = Release|Any CPU
	EndGlobalSection
	GlobalSection(SolutionProperties) = preSolution
		HideSolutionNode = FALSE
	EndGlobalSection
	GlobalSection(ExtensibilityGlobals) = postSolution
		SolutionGuid = {8C00FC59-8BCD-4131-829B-4D9AC01D4BA2}
	EndGlobalSection
EndGlobal
